{
  "originHash" : "10816d0684625bf66c5fc19d952982c09e9001a9be117058beb4a83e4a15e507",
  "pins" : [
    {
      "identity" : "capacitor-swift-pm",
      "kind" : "remoteSourceControl",
      "location" : "https://github.com/ionic-team/capacitor-swift-pm.git",
      "state" : {
        "revision" : "47ef02b7804cc10374f68ec2200498ed233fd761",
        "version" : "7.6.2"
      }
    }
  ],
  "version" : 3
}
